
Microsoft Visual Studio Solution File, Format Version 12.00
# Visual Studio Version 16
VisualStudioVersion = 16.0.31205.134
MinimumVisualStudioVersion = 10.0.40219.1
Project("{FAE04EC0-301F-11D3-BF4B-00C04F79EFBC}") = "Homework 5", "Homework 5.csproj", "{093EAEEA-9DE2-4119-8CE0-AA50C253B352}"
EndProject
Global
	GlobalSection(SolutionConfigurationPlatforms) = preSolution
		Debug|Any CPU = Debug|Any CPU
		Release|Any CPU = Release|Any CPU
	EndGlobalSection
	GlobalSection(ProjectConfigurationPlatforms) = postSolution
		{093EAEEA-9DE2-4119-8CE0-AA50C253B352}.Debug|Any CPU.ActiveCfg = Debug|Any CPU
		{093EAEEA-9DE2-4119-8CE0-AA50C253B352}.Debug|Any CPU.Build.0 = Debug|Any CPU
		{093EAEEA-9DE2-4119-8CE0-AA50C253B352}.Release|Any CPU.ActiveCfg = Release|Any CPU
		{093EAEEA-9DE2-4119-8CE0-AA50C253B352}.Release|Any CPU.Build.0 = Release|Any CPU
	EndGlobalSection
	GlobalSection(SolutionProperties) = preSolution
		HideSolutionNode = FALSE
	EndGlobalSection
	GlobalSection(ExtensibilityGlobals) = postSolution
		SolutionGuid = {A2422588-88E0-412C-AD80-FD700B4EE1C1}
	EndGlobalSection
EndGlobal
